# This file is autogenerated, do not edit; changes may be undone by the next 'dep ensure'.


[[projects]]
  branch = "master"
  name = "github.com/jbeda/geom"
  packages = ["."]
  revision = "4107299174a83a444c887753bce11e538121c6c4"

[[projects]]
  branch = "master"
  name = "github.com/jbeda/svgdata-go"
  packages = ["."]
  revision = "1481d4b1f78e8f6779285bffc9a8cded47a84048"

[[projects]]
  branch = "master"
  name = "github.com/rpaloschi/dxf-go"
  packages = [
    "core",
    "document",
    "entities",
    "sections"
  ]
  revision = "946d856c548ad7cfc2a1af2e10e5ec98f9327743"

[solve-meta]
  analyzer-name = "dep"
  analyzer-version = 1
  inputs-digest = "0df6710d8478045e3449d5a156fba046a32244872d178d6bff847b01de7c5e1e"
  solver-name = "gps-cdcl"
  solver-version = 1
