# This file is autogenerated, do not edit; changes may be undone by the next 'dep ensure'.


[[projects]]
  branch = "master"
  name = "github.com/jbeda/geom"
  packages = ["."]
  revision = "4107299174a83a444c887753bce11e538121c6c4"

[[projects]]
  branch = "master"
  name = "github.com/jbeda/svgdata-go"
  packages = ["."]
  revision = "1481d4b1f78e8f6779285bffc9a8cded47a84048"

[[projects]]
  branch = "master"
  name = "github.com/rpaloschi/dxf-go"
  packages = [
    "core",
    "document",
    "entities",
    "sections"
  ]
  revision = "f025d0dc0d05e80bd656e29116df5e3f5f432c89"
  source = "https://github.com/jbeda/dxf-go"

[solve-meta]
  analyzer-name = "dep"
  analyzer-version = 1
  inputs-digest = "1009296b2297c6dfc41fbfaf1b67960efac3ba3ae2272bfc71c5ab7f4c9ff089"
  solver-name = "gps-cdcl"
  solver-version = 1
